// !$*UTF8*$!
{
	archiveVersion = 1;
	classes = {
	};
	objectVersion = 55;
	objects = {

/* Begin PBXBuildFile section */
		501C6BF427626C0000A78598 /* BackGroundImage.swift in Sources */ = {isa = PBXBuildFile; fileRef = 501C6BF327626C0000A78598 /* BackGroundImage.swift */; };
		5079A00A276390E0000D1B48 /* CloudKitUtility.swift in Sources */ = {isa = PBXBuildFile; fileRef = 5079A009276390E0000D1B48 /* CloudKitUtility.swift */; };
		5079A0102763C7DD000D1B48 /* CloudKitCrudExtraFile.swift in Sources */ = {isa = PBXBuildFile; fileRef = 5079A00F2763C7DC000D1B48 /* CloudKitCrudExtraFile.swift */; };
		50BDD3E9275E430000970FA3 /* Geven_en_KrijgenApp.swift in Sources */ = {isa = PBXBuildFile; fileRef = 50BDD3E8275E430000970FA3 /* Geven_en_KrijgenApp.swift */; };
		50BDD3ED275E430200970FA3 /* Assets.xcassets in Resources */ = {isa = PBXBuildFile; fileRef = 50BDD3EC275E430200970FA3 /* Assets.xcassets */; };
		50BDD3F0275E430200970FA3 /* Preview Assets.xcassets in Resources */ = {isa = PBXBuildFile; fileRef = 50BDD3EF275E430200970FA3 /* Preview Assets.xcassets */; };
		50BDD3F2275E430200970FA3 /* Persistence.swift in Sources */ = {isa = PBXBuildFile; fileRef = 50BDD3F1275E430200970FA3 /* Persistence.swift */; };
		50BDD3F5275E430200970FA3 /* Geven_en_Krijgen.xcdatamodeld in Sources */ = {isa = PBXBuildFile; fileRef = 50BDD3F3275E430200970FA3 /* Geven_en_Krijgen.xcdatamodeld */; };
		50BDD3FD275F709400970FA3 /* ContentView.swift in Sources */ = {isa = PBXBuildFile; fileRef = 50BDD3FC275F709400970FA3 /* ContentView.swift */; };
		50BDD401275F717F00970FA3 /* Profiel.swift in Sources */ = {isa = PBXBuildFile; fileRef = 50BDD400275F717F00970FA3 /* Profiel.swift */; };
		50BDD403275F718F00970FA3 /* GevenEnKrijgen.swift in Sources */ = {isa = PBXBuildFile; fileRef = 50BDD402275F718F00970FA3 /* GevenEnKrijgen.swift */; };
		50BDD406275F71A600970FA3 /* Optional.swift in Sources */ = {isa = PBXBuildFile; fileRef = 50BDD405275F71A600970FA3 /* Optional.swift */; };
		50BDD408275F71AE00970FA3 /* Instellingen.swift in Sources */ = {isa = PBXBuildFile; fileRef = 50BDD407275F71AE00970FA3 /* Instellingen.swift */; };
		50BDD40A275F753500970FA3 /* CustomTabBarView.swift in Sources */ = {isa = PBXBuildFile; fileRef = 50BDD409275F753500970FA3 /* CustomTabBarView.swift */; };
		50BDD40C275F7A6C00970FA3 /* CustomTabBarContainerView.swift in Sources */ = {isa = PBXBuildFile; fileRef = 50BDD40B275F7A6C00970FA3 /* CustomTabBarContainerView.swift */; };
		50BDD40E275F7F6400970FA3 /* TabBarItemsPreferenceKey.swift in Sources */ = {isa = PBXBuildFile; fileRef = 50BDD40D275F7F6400970FA3 /* TabBarItemsPreferenceKey.swift */; };
		50BDD410275F82B700970FA3 /* TabBarItem.swift in Sources */ = {isa = PBXBuildFile; fileRef = 50BDD40F275F82B700970FA3 /* TabBarItem.swift */; };
		50BDD41D2760CC0200970FA3 /* PlaatsAdvertentieView.swift in Sources */ = {isa = PBXBuildFile; fileRef = 50BDD41C2760CC0200970FA3 /* PlaatsAdvertentieView.swift */; };
		50BDD423276209E800970FA3 /* CloudKitUser.swift in Sources */ = {isa = PBXBuildFile; fileRef = 50BDD422276209E700970FA3 /* CloudKitUser.swift */; };
		50BDD42727620ABC00970FA3 /* CloudKit.framework in Frameworks */ = {isa = PBXBuildFile; fileRef = 50BDD42627620ABB00970FA3 /* CloudKit.framework */; };
		50C089E727721F3400C6B7B1 /* CodeReview.swift in Sources */ = {isa = PBXBuildFile; fileRef = 50C089E627721F3400C6B7B1 /* CodeReview.swift */; };
/* End PBXBuildFile section */

/* Begin PBXFileReference section */
		501C6BF327626C0000A78598 /* BackGroundImage.swift */ = {isa = PBXFileReference; lastKnownFileType = sourcecode.swift; path = BackGroundImage.swift; sourceTree = "<group>"; };
		5079A009276390E0000D1B48 /* CloudKitUtility.swift */ = {isa = PBXFileReference; lastKnownFileType = sourcecode.swift; path = CloudKitUtility.swift; sourceTree = "<group>"; };
		5079A00F2763C7DC000D1B48 /* CloudKitCrudExtraFile.swift */ = {isa = PBXFileReference; lastKnownFileType = sourcecode.swift; path = CloudKitCrudExtraFile.swift; sourceTree = "<group>"; };
		5079A019276787EA000D1B48 /* Geven-en-Krijgen-Info.plist */ = {isa = PBXFileReference; lastKnownFileType = text.plist; path = "Geven-en-Krijgen-Info.plist"; sourceTree = SOURCE_ROOT; };
		50BDD3E5275E430000970FA3 /* Geven en Krijgen.app */ = {isa = PBXFileReference; explicitFileType = wrapper.application; includeInIndex = 0; path = "Geven en Krijgen.app"; sourceTree = BUILT_PRODUCTS_DIR; };
		50BDD3E8275E430000970FA3 /* Geven_en_KrijgenApp.swift */ = {isa = PBXFileReference; lastKnownFileType = sourcecode.swift; path = Geven_en_KrijgenApp.swift; sourceTree = "<group>"; };
		50BDD3EC275E430200970FA3 /* Assets.xcassets */ = {isa = PBXFileReference; lastKnownFileType = folder.assetcatalog; path = Assets.xcassets; sourceTree = "<group>"; };
		50BDD3EF275E430200970FA3 /* Preview Assets.xcassets */ = {isa = PBXFileReference; lastKnownFileType = folder.assetcatalog; path = "Preview Assets.xcassets"; sourceTree = "<group>"; };
		50BDD3F1275E430200970FA3 /* Persistence.swift */ = {isa = PBXFileReference; lastKnownFileType = sourcecode.swift; path = Persistence.swift; sourceTree = "<group>"; };
		50BDD3F4275E430200970FA3 /* Geven_en_Krijgen.xcdatamodel */ = {isa = PBXFileReference; lastKnownFileType = wrapper.xcdatamodel; path = Geven_en_Krijgen.xcdatamodel; sourceTree = "<group>"; };
		50BDD3FC275F709400970FA3 /* ContentView.swift */ = {isa = PBXFileReference; lastKnownFileType = sourcecode.swift; name = ContentView.swift; path = ../Tab/ContentView.swift; sourceTree = "<group>"; };
		50BDD400275F717F00970FA3 /* Profiel.swift */ = {isa = PBXFileReference; lastKnownFileType = sourcecode.swift; path = Profiel.swift; sourceTree = "<group>"; };
		50BDD402275F718F00970FA3 /* GevenEnKrijgen.swift */ = {isa = PBXFileReference; lastKnownFileType = sourcecode.swift; path = GevenEnKrijgen.swift; sourceTree = "<group>"; };
		50BDD405275F71A600970FA3 /* Optional.swift */ = {isa = PBXFileReference; lastKnownFileType = sourcecode.swift; path = Optional.swift; sourceTree = "<group>"; };
		50BDD407275F71AE00970FA3 /* Instellingen.swift */ = {isa = PBXFileReference; lastKnownFileType = sourcecode.swift; path = Instellingen.swift; sourceTree = "<group>"; };
		50BDD409275F753500970FA3 /* CustomTabBarView.swift */ = {isa = PBXFileReference; lastKnownFileType = sourcecode.swift; path = CustomTabBarView.swift; sourceTree = "<group>"; };
		50BDD40B275F7A6C00970FA3 /* CustomTabBarContainerView.swift */ = {isa = PBXFileReference; lastKnownFileType = sourcecode.swift; path = CustomTabBarContainerView.swift; sourceTree = "<group>"; };
		50BDD40D275F7F6400970FA3 /* TabBarItemsPreferenceKey.swift */ = {isa = PBXFileReference; lastKnownFileType = sourcecode.swift; path = TabBarItemsPreferenceKey.swift; sourceTree = "<group>"; };
		50BDD40F275F82B700970FA3 /* TabBarItem.swift */ = {isa = PBXFileReference; lastKnownFileType = sourcecode.swift; path = TabBarItem.swift; sourceTree = "<group>"; };
		50BDD41C2760CC0200970FA3 /* PlaatsAdvertentieView.swift */ = {isa = PBXFileReference; lastKnownFileType = sourcecode.swift; path = PlaatsAdvertentieView.swift; sourceTree = "<group>"; };
		50BDD422276209E700970FA3 /* CloudKitUser.swift */ = {isa = PBXFileReference; lastKnownFileType = sourcecode.swift; path = CloudKitUser.swift; sourceTree = "<group>"; };
		50BDD42427620A8700970FA3 /* Geven en Krijgen.entitlements */ = {isa = PBXFileReference; lastKnownFileType = text.plist.entitlements; path = "Geven en Krijgen.entitlements"; sourceTree = "<group>"; };
		50BDD42627620ABB00970FA3 /* CloudKit.framework */ = {isa = PBXFileReference; lastKnownFileType = wrapper.framework; name = CloudKit.framework; path = System/Library/Frameworks/CloudKit.framework; sourceTree = SDKROOT; };
		50C089E627721F3400C6B7B1 /* CodeReview.swift */ = {isa = PBXFileReference; lastKnownFileType = sourcecode.swift; path = CodeReview.swift; sourceTree = "<group>"; };
/* End PBXFileReference section */

/* Begin PBXFrameworksBuildPhase section */
		50BDD3E2275E430000970FA3 /* Frameworks */ = {
			isa = PBXFrameworksBuildPhase;
			buildActionMask = 2147483647;
			files = (
				50BDD42727620ABC00970FA3 /* CloudKit.framework in Frameworks */,
			);
			runOnlyForDeploymentPostprocessing = 0;
		};
/* End PBXFrameworksBuildPhase section */

/* Begin PBXGroup section */
		501C6BEB2762694300A78598 /* ExtraFiles */ = {
			isa = PBXGroup;
			children = (
				501C6BF327626C0000A78598 /* BackGroundImage.swift */,
			);
			path = ExtraFiles;
			sourceTree = "<group>";
		};
		50BDD3DC275E430000970FA3 = {
			isa = PBXGroup;
			children = (
				50BDD3E7275E430000970FA3 /* Geven en Krijgen */,
				50BDD3FE275F715B00970FA3 /* MainPages */,
				501C6BEB2762694300A78598 /* ExtraFiles */,
				50BDD420276209C800970FA3 /* CloudKit */,
				50BDD42527620ABB00970FA3 /* Frameworks */,
				50BDD3FB275F706400970FA3 /* Tab */,
				50BDD3E6275E430000970FA3 /* Products */,
			);
			sourceTree = "<group>";
		};
		50BDD3E6275E430000970FA3 /* Products */ = {
			isa = PBXGroup;
			children = (
				50BDD3E5275E430000970FA3 /* Geven en Krijgen.app */,
			);
			name = Products;
			sourceTree = "<group>";
		};
		50BDD3E7275E430000970FA3 /* Geven en Krijgen */ = {
			isa = PBXGroup;
			children = (
				5079A019276787EA000D1B48 /* Geven-en-Krijgen-Info.plist */,
				50BDD42427620A8700970FA3 /* Geven en Krijgen.entitlements */,
				50BDD3E8275E430000970FA3 /* Geven_en_KrijgenApp.swift */,
				50BDD3FC275F709400970FA3 /* ContentView.swift */,
				50BDD3EC275E430200970FA3 /* Assets.xcassets */,
				50BDD3F1275E430200970FA3 /* Persistence.swift */,
				50BDD3F3275E430200970FA3 /* Geven_en_Krijgen.xcdatamodeld */,
				50BDD3EE275E430200970FA3 /* Preview Content */,
				50C089E627721F3400C6B7B1 /* CodeReview.swift */,
			);
			path = "Geven en Krijgen";
			sourceTree = "<group>";
		};
		50BDD3EE275E430200970FA3 /* Preview Content */ = {
			isa = PBXGroup;
			children = (
				50BDD3EF275E430200970FA3 /* Preview Assets.xcassets */,
			);
			path = "Preview Content";
			sourceTree = "<group>";
		};
		50BDD3FB275F706400970FA3 /* Tab */ = {
			isa = PBXGroup;
			children = (
				50BDD409275F753500970FA3 /* CustomTabBarView.swift */,
				50BDD40B275F7A6C00970FA3 /* CustomTabBarContainerView.swift */,
				50BDD40D275F7F6400970FA3 /* TabBarItemsPreferenceKey.swift */,
				50BDD40F275F82B700970FA3 /* TabBarItem.swift */,
			);
			path = Tab;
			sourceTree = "<group>";
		};
		50BDD3FE275F715B00970FA3 /* MainPages */ = {
			isa = PBXGroup;
			children = (
				50BDD400275F717F00970FA3 /* Profiel.swift */,
				50BDD41C2760CC0200970FA3 /* PlaatsAdvertentieView.swift */,
				50BDD402275F718F00970FA3 /* GevenEnKrijgen.swift */,
				50BDD405275F71A600970FA3 /* Optional.swift */,
				50BDD407275F71AE00970FA3 /* Instellingen.swift */,
			);
			path = MainPages;
			sourceTree = "<group>";
		};
		50BDD420276209C800970FA3 /* CloudKit */ = {
			isa = PBXGroup;
			children = (
				50BDD422276209E700970FA3 /* CloudKitUser.swift */,
				5079A009276390E0000D1B48 /* CloudKitUtility.swift */,
				5079A00F2763C7DC000D1B48 /* CloudKitCrudExtraFile.swift */,
			);
			path = CloudKit;
			sourceTree = "<group>";
		};
		50BDD42527620ABB00970FA3 /* Frameworks */ = {
			isa = PBXGroup;
			children = (
				50BDD42627620ABB00970FA3 /* CloudKit.framework */,
			);
			name = Frameworks;
			sourceTree = "<group>";
		};
/* End PBXGroup section */

/* Begin PBXNativeTarget section */
		50BDD3E4275E430000970FA3 /* Geven en Krijgen */ = {
			isa = PBXNativeTarget;
			buildConfigurationList = 50BDD3F8275E430200970FA3 /* Build configuration list for PBXNativeTarget "Geven en Krijgen" */;
			buildPhases = (
				50BDD3E1275E430000970FA3 /* Sources */,
				50BDD3E2275E430000970FA3 /* Frameworks */,
				50BDD3E3275E430000970FA3 /* Resources */,
			);
			buildRules = (
			);
			dependencies = (
			);
			name = "Geven en Krijgen";
			productName = "Geven en Krijgen";
			productReference = 50BDD3E5275E430000970FA3 /* Geven en Krijgen.app */;
			productType = "com.apple.product-type.application";
		};
/* End PBXNativeTarget section */

/* Begin PBXProject section */
		50BDD3DD275E430000970FA3 /* Project object */ = {
			isa = PBXProject;
			attributes = {
				BuildIndependentTargetsInParallel = 1;
				LastSwiftUpdateCheck = 1310;
				LastUpgradeCheck = 1310;
				TargetAttributes = {
					50BDD3E4275E430000970FA3 = {
						CreatedOnToolsVersion = 13.1;
					};
				};
			};
			buildConfigurationList = 50BDD3E0275E430000970FA3 /* Build configuration list for PBXProject "Geven en Krijgen" */;
			compatibilityVersion = "Xcode 13.0";
			developmentRegion = en;
			hasScannedForEncodings = 0;
			knownRegions = (
				en,
				Base,
			);
			mainGroup = 50BDD3DC275E430000970FA3;
			productRefGroup = 50BDD3E6275E430000970FA3 /* Products */;
			projectDirPath = "";
			projectRoot = "";
			targets = (
				50BDD3E4275E430000970FA3 /* Geven en Krijgen */,
			);
		};
/* End PBXProject section */

/* Begin PBXResourcesBuildPhase section */
		50BDD3E3275E430000970FA3 /* Resources */ = {
			isa = PBXResourcesBuildPhase;
			buildActionMask = 2147483647;
			files = (
				50BDD3F0275E430200970FA3 /* Preview Assets.xcassets in Resources */,
				50BDD3ED275E430200970FA3 /* Assets.xcassets in Resources */,
			);
			runOnlyForDeploymentPostprocessing = 0;
		};
/* End PBXResourcesBuildPhase section */

/* Begin PBXSourcesBuildPhase section */
		50BDD3E1275E430000970FA3 /* Sources */ = {
			isa = PBXSourcesBuildPhase;
			buildActionMask = 2147483647;
			files = (
				50BDD3F2275E430200970FA3 /* Persistence.swift in Sources */,
				50BDD40A275F753500970FA3 /* CustomTabBarView.swift in Sources */,
				50BDD40C275F7A6C00970FA3 /* CustomTabBarContainerView.swift in Sources */,
				50BDD40E275F7F6400970FA3 /* TabBarItemsPreferenceKey.swift in Sources */,
				50C089E727721F3400C6B7B1 /* CodeReview.swift in Sources */,
				50BDD3F5275E430200970FA3 /* Geven_en_Krijgen.xcdatamodeld in Sources */,
				50BDD406275F71A600970FA3 /* Optional.swift in Sources */,
				50BDD403275F718F00970FA3 /* GevenEnKrijgen.swift in Sources */,
				50BDD3E9275E430000970FA3 /* Geven_en_KrijgenApp.swift in Sources */,
				50BDD410275F82B700970FA3 /* TabBarItem.swift in Sources */,
				50BDD423276209E800970FA3 /* CloudKitUser.swift in Sources */,
				50BDD3FD275F709400970FA3 /* ContentView.swift in Sources */,
				5079A00A276390E0000D1B48 /* CloudKitUtility.swift in Sources */,
				5079A0102763C7DD000D1B48 /* CloudKitCrudExtraFile.swift in Sources */,
				50BDD401275F717F00970FA3 /* Profiel.swift in Sources */,
				50BDD41D2760CC0200970FA3 /* PlaatsAdvertentieView.swift in Sources */,
				50BDD408275F71AE00970FA3 /* Instellingen.swift in Sources */,
				501C6BF427626C0000A78598 /* BackGroundImage.swift in Sources */,
			);
			runOnlyForDeploymentPostprocessing = 0;
		};
/* End PBXSourcesBuildPhase section */

/* Begin XCBuildConfiguration section */
		50BDD3F6275E430200970FA3 /* Debug */ = {
			isa = XCBuildConfiguration;
			buildSettings = {
				ALWAYS_SEARCH_USER_PATHS = NO;
				CLANG_ANALYZER_NONNULL = YES;
				CLANG_ANALYZER_NUMBER_OBJECT_CONVERSION = YES_AGGRESSIVE;
				CLANG_CXX_LANGUAGE_STANDARD = "gnu++17";
				CLANG_CXX_LIBRARY = "libc++";
				CLANG_ENABLE_MODULES = YES;
				CLANG_ENABLE_OBJC_ARC = YES;
				CLANG_ENABLE_OBJC_WEAK = YES;
				CLANG_WARN_BLOCK_CAPTURE_AUTORELEASING = YES;
				CLANG_WARN_BOOL_CONVERSION = YES;
				CLANG_WARN_COMMA = YES;
				CLANG_WARN_CONSTANT_CONVERSION = YES;
				CLANG_WARN_DEPRECATED_OBJC_IMPLEMENTATIONS = YES;
				CLANG_WARN_DIRECT_OBJC_ISA_USAGE = YES_ERROR;
				CLANG_WARN_DOCUMENTATION_COMMENTS = YES;
				CLANG_WARN_EMPTY_BODY = YES;
				CLANG_WARN_ENUM_CONVERSION = YES;
				CLANG_WARN_INFINITE_RECURSION = YES;
				CLANG_WARN_INT_CONVERSION = YES;
				CLANG_WARN_NON_LITERAL_NULL_CONVERSION = YES;
				CLANG_WARN_OBJC_IMPLICIT_RETAIN_SELF = YES;
				CLANG_WARN_OBJC_LITERAL_CONVERSION = YES;
				CLANG_WARN_OBJC_ROOT_CLASS = YES_ERROR;
				CLANG_WARN_QUOTED_INCLUDE_IN_FRAMEWORK_HEADER = YES;
				CLANG_WARN_RANGE_LOOP_ANALYSIS = YES;
				CLANG_WARN_STRICT_PROTOTYPES = YES;
				CLANG_WARN_SUSPICIOUS_MOVE = YES;
				CLANG_WARN_UNGUARDED_AVAILABILITY = YES_AGGRESSIVE;
				CLANG_WARN_UNREACHABLE_CODE = YES;
				CLANG_WARN__DUPLICATE_METHOD_MATCH = YES;
				COPY_PHASE_STRIP = NO;
				DEBUG_INFORMATION_FORMAT = dwarf;
				ENABLE_STRICT_OBJC_MSGSEND = YES;
				ENABLE_TESTABILITY = YES;
				GCC_C_LANGUAGE_STANDARD = gnu11;
				GCC_DYNAMIC_NO_PIC = NO;
				GCC_NO_COMMON_BLOCKS = YES;
				GCC_OPTIMIZATION_LEVEL = 0;
				GCC_PREPROCESSOR_DEFINITIONS = (
					"DEBUG=1",
					"$(inherited)",
				);
				GCC_WARN_64_TO_32_BIT_CONVERSION = YES;
				GCC_WARN_ABOUT_RETURN_TYPE = YES_ERROR;
				GCC_WARN_UNDECLARED_SELECTOR = YES;
				GCC_WARN_UNINITIALIZED_AUTOS = YES_AGGRESSIVE;
				GCC_WARN_UNUSED_FUNCTION = YES;
				GCC_WARN_UNUSED_VARIABLE = YES;
				IPHONEOS_DEPLOYMENT_TARGET = 15.0;
				MTL_ENABLE_DEBUG_INFO = INCLUDE_SOURCE;
				MTL_FAST_MATH = YES;
				ONLY_ACTIVE_ARCH = YES;
				SDKROOT = iphoneos;
				SWIFT_ACTIVE_COMPILATION_CONDITIONS = DEBUG;
				SWIFT_OPTIMIZATION_LEVEL = "-Onone";
			};
			name = Debug;
		};
		50BDD3F7275E430200970FA3 /* Release */ = {
			isa = XCBuildConfiguration;
			buildSettings = {
				ALWAYS_SEARCH_USER_PATHS = NO;
				CLANG_ANALYZER_NONNULL = YES;
				CLANG_ANALYZER_NUMBER_OBJECT_CONVERSION = YES_AGGRESSIVE;
				CLANG_CXX_LANGUAGE_STANDARD = "gnu++17";
				CLANG_CXX_LIBRARY = "libc++";
				CLANG_ENABLE_MODULES = YES;
				CLANG_ENABLE_OBJC_ARC = YES;
				CLANG_ENABLE_OBJC_WEAK = YES;
				CLANG_WARN_BLOCK_CAPTURE_AUTORELEASING = YES;
				CLANG_WARN_BOOL_CONVERSION = YES;
				CLANG_WARN_COMMA = YES;
				CLANG_WARN_CONSTANT_CONVERSION = YES;
				CLANG_WARN_DEPRECATED_OBJC_IMPLEMENTATIONS = YES;
				CLANG_WARN_DIRECT_OBJC_ISA_USAGE = YES_ERROR;
				CLANG_WARN_DOCUMENTATION_COMMENTS = YES;
				CLANG_WARN_EMPTY_BODY = YES;
				CLANG_WARN_ENUM_CONVERSION = YES;
				CLANG_WARN_INFINITE_RECURSION = YES;
				CLANG_WARN_INT_CONVERSION = YES;
				CLANG_WARN_NON_LITERAL_NULL_CONVERSION = YES;
				CLANG_WARN_OBJC_IMPLICIT_RETAIN_SELF = YES;
				CLANG_WARN_OBJC_LITERAL_CONVERSION = YES;
				CLANG_WARN_OBJC_ROOT_CLASS = YES_ERROR;
				CLANG_WARN_QUOTED_INCLUDE_IN_FRAMEWORK_HEADER = YES;
				CLANG_WARN_RANGE_LOOP_ANALYSIS = YES;
				CLANG_WARN_STRICT_PROTOTYPES = YES;
				CLANG_WARN_SUSPICIOUS_MOVE = YES;
				CLANG_WARN_UNGUARDED_AVAILABILITY = YES_AGGRESSIVE;
				CLANG_WARN_UNREACHABLE_CODE = YES;
				CLANG_WARN__DUPLICATE_METHOD_MATCH = YES;
				COPY_PHASE_STRIP = NO;
				DEBUG_INFORMATION_FORMAT = "dwarf-with-dsym";
				ENABLE_NS_ASSERTIONS = NO;
				ENABLE_STRICT_OBJC_MSGSEND = YES;
				GCC_C_LANGUAGE_STANDARD = gnu11;
				GCC_NO_COMMON_BLOCKS = YES;
				GCC_WARN_64_TO_32_BIT_CONVERSION = YES;
				GCC_WARN_ABOUT_RETURN_TYPE = YES_ERROR;
				GCC_WARN_UNDECLARED_SELECTOR = YES;
				GCC_WARN_UNINITIALIZED_AUTOS = YES_AGGRESSIVE;
				GCC_WARN_UNUSED_FUNCTION = YES;
				GCC_WARN_UNUSED_VARIABLE = YES;
				IPHONEOS_DEPLOYMENT_TARGET = 15.0;
				MTL_ENABLE_DEBUG_INFO = NO;
				MTL_FAST_MATH = YES;
				SDKROOT = iphoneos;
				SWIFT_COMPILATION_MODE = wholemodule;
				SWIFT_OPTIMIZATION_LEVEL = "-O";
				VALIDATE_PRODUCT = YES;
			};
			name = Release;
		};
		50BDD3F9275E430200970FA3 /* Debug */ = {
			isa = XCBuildConfiguration;
			buildSettings = {
				ASSETCATALOG_COMPILER_APPICON_NAME = AppIcon;
				ASSETCATALOG_COMPILER_GLOBAL_ACCENT_COLOR_NAME = AccentColor;
				CODE_SIGN_ENTITLEMENTS = "Geven en Krijgen/Geven en Krijgen.entitlements";
				CODE_SIGN_IDENTITY = "Apple Development";
				CODE_SIGN_STYLE = Automatic;
				CURRENT_PROJECT_VERSION = 1;
				DEVELOPMENT_ASSET_PATHS = "\"Geven en Krijgen/Preview Content\"";
				DEVELOPMENT_TEAM = DV6MACWMG2;
				ENABLE_PREVIEWS = YES;
				GENERATE_INFOPLIST_FILE = YES;
				INFOPLIST_FILE = "Geven-en-Krijgen-Info.plist";
				INFOPLIST_KEY_NSPhotoLibraryUsageDescription = "Test YEs";
				INFOPLIST_KEY_UIApplicationSceneManifest_Generation = YES;
				INFOPLIST_KEY_UIApplicationSupportsIndirectInputEvents = YES;
				INFOPLIST_KEY_UILaunchScreen_Generation = YES;
				INFOPLIST_KEY_UISupportedInterfaceOrientations_iPad = "UIInterfaceOrientationPortrait UIInterfaceOrientationPortraitUpsideDown UIInterfaceOrientationLandscapeLeft UIInterfaceOrientationLandscapeRight";
				INFOPLIST_KEY_UISupportedInterfaceOrientations_iPhone = "UIInterfaceOrientationPortrait UIInterfaceOrientationLandscapeLeft UIInterfaceOrientationLandscapeRight";
				LD_RUNPATH_SEARCH_PATHS = (
					"$(inherited)",
					"@executable_path/Frameworks",
				);
				MARKETING_VERSION = 1.0;
				PRODUCT_BUNDLE_IDENTIFIER = "nl.mprog.maxw.Geven-en-Krijgen";
				PRODUCT_NAME = "$(TARGET_NAME)";
				PROVISIONING_PROFILE_SPECIFIER = "";
				SWIFT_EMIT_LOC_STRINGS = YES;
				SWIFT_VERSION = 5.0;
				TARGETED_DEVICE_FAMILY = "1,2";
			};
			name = Debug;
		};
		50BDD3FA275E430200970FA3 /* Release */ = {
			isa = XCBuildConfiguration;
			buildSettings = {
				ASSETCATALOG_COMPILER_APPICON_NAME = AppIcon;
				ASSETCATALOG_COMPILER_GLOBAL_ACCENT_COLOR_NAME = AccentColor;
				CODE_SIGN_ENTITLEMENTS = "Geven en Krijgen/Geven en Krijgen.entitlements";
				CODE_SIGN_IDENTITY = "Apple Development";
				CODE_SIGN_STYLE = Automatic;
				CURRENT_PROJECT_VERSION = 1;
				DEVELOPMENT_ASSET_PATHS = "\"Geven en Krijgen/Preview Content\"";
				DEVELOPMENT_TEAM = DV6MACWMG2;
				ENABLE_PREVIEWS = YES;
				GENERATE_INFOPLIST_FILE = YES;
				INFOPLIST_FILE = "Geven-en-Krijgen-Info.plist";
				INFOPLIST_KEY_NSPhotoLibraryUsageDescription = "Test YEs";
				INFOPLIST_KEY_UIApplicationSceneManifest_Generation = YES;
				INFOPLIST_KEY_UIApplicationSupportsIndirectInputEvents = YES;
				INFOPLIST_KEY_UILaunchScreen_Generation = YES;
				INFOPLIST_KEY_UISupportedInterfaceOrientations_iPad = "UIInterfaceOrientationPortrait UIInterfaceOrientationPortraitUpsideDown UIInterfaceOrientationLandscapeLeft UIInterfaceOrientationLandscapeRight";
				INFOPLIST_KEY_UISupportedInterfaceOrientations_iPhone = "UIInterfaceOrientationPortrait UIInterfaceOrientationLandscapeLeft UIInterfaceOrientationLandscapeRight";
				LD_RUNPATH_SEARCH_PATHS = (
					"$(inherited)",
					"@executable_path/Frameworks",
				);
				MARKETING_VERSION = 1.0;
				PRODUCT_BUNDLE_IDENTIFIER = "nl.mprog.maxw.Geven-en-Krijgen";
				PRODUCT_NAME = "$(TARGET_NAME)";
				PROVISIONING_PROFILE_SPECIFIER = "";
				SWIFT_EMIT_LOC_STRINGS = YES;
				SWIFT_VERSION = 5.0;
				TARGETED_DEVICE_FAMILY = "1,2";
			};
			name = Release;
		};
/* End XCBuildConfiguration section */

/* Begin XCConfigurationList section */
		50BDD3E0275E430000970FA3 /* Build configuration list for PBXProject "Geven en Krijgen" */ = {
			isa = XCConfigurationList;
			buildConfigurations = (
				50BDD3F6275E430200970FA3 /* Debug */,
				50BDD3F7275E430200970FA3 /* Release */,
			);
			defaultConfigurationIsVisible = 0;
			defaultConfigurationName = Release;
		};
		50BDD3F8275E430200970FA3 /* Build configuration list for PBXNativeTarget "Geven en Krijgen" */ = {
			isa = XCConfigurationList;
			buildConfigurations = (
				50BDD3F9275E430200970FA3 /* Debug */,
				50BDD3FA275E430200970FA3 /* Release */,
			);
			defaultConfigurationIsVisible = 0;
			defaultConfigurationName = Release;
		};
/* End XCConfigurationList section */

/* Begin XCVersionGroup section */
		50BDD3F3275E430200970FA3 /* Geven_en_Krijgen.xcdatamodeld */ = {
			isa = XCVersionGroup;
			children = (
				50BDD3F4275E430200970FA3 /* Geven_en_Krijgen.xcdatamodel */,
			);
			currentVersion = 50BDD3F4275E430200970FA3 /* Geven_en_Krijgen.xcdatamodel */;
			path = Geven_en_Krijgen.xcdatamodeld;
			sourceTree = "<group>";
			versionGroupType = wrapper.xcdatamodel;
		};
/* End XCVersionGroup section */
	};
	rootObject = 50BDD3DD275E430000970FA3 /* Project object */;
}
